// !$*UTF8*$!
{
	archiveVersion = 1;
	classes = {
	};
	objectVersion = 48;
	objects = {

/* Begin PBXBuildFile section */
		C6788CD1206913B10018019E /* StatusView.framework in Frameworks */ = {isa = PBXBuildFile; fileRef = C6788CC7206913B00018019E /* StatusView.framework */; };
		C6788CD8206913B10018019E /* StatusView.h in Headers */ = {isa = PBXBuildFile; fileRef = C6788CCA206913B00018019E /* StatusView.h */; settings = {ATTRIBUTES = (Public, ); }; };
		C6788CE2206913FD0018019E /* ModalStatusView.swift in Sources */ = {isa = PBXBuildFile; fileRef = C6788CE1206913FD0018019E /* ModalStatusView.swift */; };
		C6788CE4206914180018019E /* ModalStatusView.xib in Resources */ = {isa = PBXBuildFile; fileRef = C6788CE3206914180018019E /* ModalStatusView.xib */; };
/* End PBXBuildFile section */

/* Begin PBXContainerItemProxy section */
		C6788CD2206913B10018019E /* PBXContainerItemProxy */ = {
			isa = PBXContainerItemProxy;
			containerPortal = C6788CBE206913B00018019E /* Project object */;
			proxyType = 1;
			remoteGlobalIDString = C6788CC6206913B00018019E;
			remoteInfo = StatusView;
		};
/* End PBXContainerItemProxy section */

/* Begin PBXFileReference section */
		C6788CC7206913B00018019E /* StatusView.framework */ = {isa = PBXFileReference; explicitFileType = wrapper.framework; includeInIndex = 0; path = StatusView.framework; sourceTree = BUILT_PRODUCTS_DIR; };
		C6788CCA206913B00018019E /* StatusView.h */ = {isa = PBXFileReference; lastKnownFileType = sourcecode.c.h; path = StatusView.h; sourceTree = "<group>"; };
		C6788CCB206913B00018019E /* Info.plist */ = {isa = PBXFileReference; lastKnownFileType = text.plist.xml; path = Info.plist; sourceTree = "<group>"; };
		C6788CD0206913B10018019E /* StatusViewTests.xctest */ = {isa = PBXFileReference; explicitFileType = wrapper.cfbundle; includeInIndex = 0; path = StatusViewTests.xctest; sourceTree = BUILT_PRODUCTS_DIR; };
		C6788CE1206913FD0018019E /* ModalStatusView.swift */ = {isa = PBXFileReference; lastKnownFileType = sourcecode.swift; path = ModalStatusView.swift; sourceTree = "<group>"; };
		C6788CE3206914180018019E /* ModalStatusView.xib */ = {isa = PBXFileReference; lastKnownFileType = file.xib; path = ModalStatusView.xib; sourceTree = "<group>"; };
/* End PBXFileReference section */

/* Begin PBXFrameworksBuildPhase section */
		C6788CC3206913B00018019E /* Frameworks */ = {
			isa = PBXFrameworksBuildPhase;
			buildActionMask = 2147483647;
			files = (
			);
			runOnlyForDeploymentPostprocessing = 0;
		};
		C6788CCD206913B10018019E /* Frameworks */ = {
			isa = PBXFrameworksBuildPhase;
			buildActionMask = 2147483647;
			files = (
				C6788CD1206913B10018019E /* StatusView.framework in Frameworks */,
			);
			runOnlyForDeploymentPostprocessing = 0;
		};
/* End PBXFrameworksBuildPhase section */

/* Begin PBXGroup section */
		C6788CBD206913B00018019E = {
			isa = PBXGroup;
			children = (
				C6788CC9206913B00018019E /* StatusView */,
				C6788CC8206913B00018019E /* Products */,
			);
			sourceTree = "<group>";
		};
		C6788CC8206913B00018019E /* Products */ = {
			isa = PBXGroup;
			children = (
				C6788CC7206913B00018019E /* StatusView.framework */,
				C6788CD0206913B10018019E /* StatusViewTests.xctest */,
			);
			name = Products;
			sourceTree = "<group>";
		};
		C6788CC9206913B00018019E /* StatusView */ = {
			isa = PBXGroup;
			children = (
				C6788CCA206913B00018019E /* StatusView.h */,
				C6788CCB206913B00018019E /* Info.plist */,
				C6788CE1206913FD0018019E /* ModalStatusView.swift */,
				C6788CE3206914180018019E /* ModalStatusView.xib */,
			);
			path = StatusView;
			sourceTree = "<group>";
		};
/* End PBXGroup section */

/* Begin PBXHeadersBuildPhase section */
		C6788CC4206913B00018019E /* Headers */ = {
			isa = PBXHeadersBuildPhase;
			buildActionMask = 2147483647;
			files = (
				C6788CD8206913B10018019E /* StatusView.h in Headers */,
			);
			runOnlyForDeploymentPostprocessing = 0;
		};
/* End PBXHeadersBuildPhase section */

/* Begin PBXNativeTarget section */
		C6788CC6206913B00018019E /* StatusView */ = {
			isa = PBXNativeTarget;
			buildConfigurationList = C6788CDB206913B10018019E /* Build configuration list for PBXNativeTarget "StatusView" */;
			buildPhases = (
				C6788CC2206913B00018019E /* Sources */,
				C6788CC3206913B00018019E /* Frameworks */,
				C6788CC4206913B00018019E /* Headers */,
				C6788CC5206913B00018019E /* Resources */,
			);
			buildRules = (
			);
			dependencies = (
			);
			name = StatusView;
			productName = StatusView;
			productReference = C6788CC7206913B00018019E /* StatusView.framework */;
			productType = "com.apple.product-type.framework";
		};
		C6788CCF206913B10018019E /* StatusViewTests */ = {
			isa = PBXNativeTarget;
			buildConfigurationList = C6788CDE206913B10018019E /* Build configuration list for PBXNativeTarget "StatusViewTests" */;
			buildPhases = (
				C6788CCC206913B10018019E /* Sources */,
				C6788CCD206913B10018019E /* Frameworks */,
				C6788CCE206913B10018019E /* Resources */,
			);
			buildRules = (
			);
			dependencies = (
				C6788CD3206913B10018019E /* PBXTargetDependency */,
			);
			name = StatusViewTests;
			productName = StatusViewTests;
			productReference = C6788CD0206913B10018019E /* StatusViewTests.xctest */;
			productType = "com.apple.product-type.bundle.unit-test";
		};
/* End PBXNativeTarget section */

/* Begin PBXProject section */
		C6788CBE206913B00018019E /* Project object */ = {
			isa = PBXProject;
			attributes = {
				LastSwiftUpdateCheck = 0920;
				LastUpgradeCheck = 0920;
				ORGANIZATIONNAME = "dai nguyen";
				TargetAttributes = {
					C6788CC6206913B00018019E = {
						CreatedOnToolsVersion = 9.2;
						LastSwiftMigration = 0920;
						ProvisioningStyle = Automatic;
					};
					C6788CCF206913B10018019E = {
						CreatedOnToolsVersion = 9.2;
						ProvisioningStyle = Automatic;
					};
				};
			};
			buildConfigurationList = C6788CC1206913B00018019E /* Build configuration list for PBXProject "StatusView" */;
			compatibilityVersion = "Xcode 8.0";
			developmentRegion = en;
			hasScannedForEncodings = 0;
			knownRegions = (
				en,
			);
			mainGroup = C6788CBD206913B00018019E;
			productRefGroup = C6788CC8206913B00018019E /* Products */;
			projectDirPath = "";
			projectRoot = "";
			targets = (
				C6788CC6206913B00018019E /* StatusView */,
				C6788CCF206913B10018019E /* StatusViewTests */,
			);
		};
/* End PBXProject section */

/* Begin PBXResourcesBuildPhase section */
		C6788CC5206913B00018019E /* Resources */ = {
			isa = PBXResourcesBuildPhase;
			buildActionMask = 2147483647;
			files = (
				C6788CE4206914180018019E /* ModalStatusView.xib in Resources */,
			);
			runOnlyForDeploymentPostprocessing = 0;
		};
		C6788CCE206913B10018019E /* Resources */ = {
			isa = PBXResourcesBuildPhase;
			buildActionMask = 2147483647;
			files = (
			);
			runOnlyForDeploymentPostprocessing = 0;
		};
/* End PBXResourcesBuildPhase section */

/* Begin PBXSourcesBuildPhase section */
		C6788CC2206913B00018019E /* Sources */ = {
			isa = PBXSourcesBuildPhase;
			buildActionMask = 2147483647;
			files = (
				C6788CE2206913FD0018019E /* ModalStatusView.swift in Sources */,
			);
			runOnlyForDeploymentPostprocessing = 0;
		};
		C6788CCC206913B10018019E /* Sources */ = {
			isa = PBXSourcesBuildPhase;
			buildActionMask = 2147483647;
			files = (
			);
			runOnlyForDeploymentPostprocessing = 0;
		};
/* End PBXSourcesBuildPhase section */

/* Begin PBXTargetDependency section */
		C6788CD3206913B10018019E /* PBXTargetDependency */ = {
			isa = PBXTargetDependency;
			target = C6788CC6206913B00018019E /* StatusView */;
			targetProxy = C6788CD2206913B10018019E /* PBXContainerItemProxy */;
		};
/* End PBXTargetDependency section */

/* Begin XCBuildConfiguration section */
		C6788CD9206913B10018019E /* Debug */ = {
			isa = XCBuildConfiguration;
			buildSettings = {
				ALWAYS_SEARCH_USER_PATHS = NO;
				CLANG_ANALYZER_NONNULL = YES;
				CLANG_ANALYZER_NUMBER_OBJECT_CONVERSION = YES_AGGRESSIVE;
				CLANG_CXX_LANGUAGE_STANDARD = "gnu++14";
				CLANG_CXX_LIBRARY = "libc++";
				CLANG_ENABLE_MODULES = YES;
				CLANG_ENABLE_OBJC_ARC = YES;
				CLANG_WARN_BLOCK_CAPTURE_AUTORELEASING = YES;
				CLANG_WARN_BOOL_CONVERSION = YES;
				CLANG_WARN_COMMA = YES;
				CLANG_WARN_CONSTANT_CONVERSION = YES;
				CLANG_WARN_DIRECT_OBJC_ISA_USAGE = YES_ERROR;
				CLANG_WARN_DOCUMENTATION_COMMENTS = YES;
				CLANG_WARN_EMPTY_BODY = YES;
				CLANG_WARN_ENUM_CONVERSION = YES;
				CLANG_WARN_INFINITE_RECURSION = YES;
				CLANG_WARN_INT_CONVERSION = YES;
				CLANG_WARN_NON_LITERAL_NULL_CONVERSION = YES;
				CLANG_WARN_OBJC_LITERAL_CONVERSION = YES;
				CLANG_WARN_OBJC_ROOT_CLASS = YES_ERROR;
				CLANG_WARN_RANGE_LOOP_ANALYSIS = YES;
				CLANG_WARN_STRICT_PROTOTYPES = YES;
				CLANG_WARN_SUSPICIOUS_MOVE = YES;
				CLANG_WARN_UNGUARDED_AVAILABILITY = YES_AGGRESSIVE;
				CLANG_WARN_UNREACHABLE_CODE = YES;
				CLANG_WARN__DUPLICATE_METHOD_MATCH = YES;
				CODE_SIGN_IDENTITY = "iPhone Developer";
				COPY_PHASE_STRIP = NO;
				CURRENT_PROJECT_VERSION = 1;
				DEBUG_INFORMATION_FORMAT = dwarf;
				ENABLE_STRICT_OBJC_MSGSEND = YES;
				ENABLE_TESTABILITY = YES;
				GCC_C_LANGUAGE_STANDARD = gnu11;
				GCC_DYNAMIC_NO_PIC = NO;
				GCC_NO_COMMON_BLOCKS = YES;
				GCC_OPTIMIZATION_LEVEL = 0;
				GCC_PREPROCESSOR_DEFINITIONS = (
					"DEBUG=1",
					"$(inherited)",
				);
				GCC_WARN_64_TO_32_BIT_CONVERSION = YES;
				GCC_WARN_ABOUT_RETURN_TYPE = YES_ERROR;
				GCC_WARN_UNDECLARED_SELECTOR = YES;
				GCC_WARN_UNINITIALIZED_AUTOS = YES_AGGRESSIVE;
				GCC_WARN_UNUSED_FUNCTION = YES;
				GCC_WARN_UNUSED_VARIABLE = YES;
				IPHONEOS_DEPLOYMENT_TARGET = 11.2;
				MTL_ENABLE_DEBUG_INFO = YES;
				ONLY_ACTIVE_ARCH = YES;
				SDKROOT = iphoneos;
				SWIFT_ACTIVE_COMPILATION_CONDITIONS = DEBUG;
				SWIFT_OPTIMIZATION_LEVEL = "-Onone";
				VERSIONING_SYSTEM = "apple-generic";
				VERSION_INFO_PREFIX = "";
			};
			name = Debug;
		};
		C6788CDA206913B10018019E /* Release */ = {
			isa = XCBuildConfiguration;
			buildSettings = {
				ALWAYS_SEARCH_USER_PATHS = NO;
				CLANG_ANALYZER_NONNULL = YES;
				CLANG_ANALYZER_NUMBER_OBJECT_CONVERSION = YES_AGGRESSIVE;
				CLANG_CXX_LANGUAGE_STANDARD = "gnu++14";
				CLANG_CXX_LIBRARY = "libc++";
				CLANG_ENABLE_MODULES = YES;
				CLANG_ENABLE_OBJC_ARC = YES;
				CLANG_WARN_BLOCK_CAPTURE_AUTORELEASING = YES;
				CLANG_WARN_BOOL_CONVERSION = YES;
				CLANG_WARN_COMMA = YES;
				CLANG_WARN_CONSTANT_CONVERSION = YES;
				CLANG_WARN_DIRECT_OBJC_ISA_USAGE = YES_ERROR;
				CLANG_WARN_DOCUMENTATION_COMMENTS = YES;
				CLANG_WARN_EMPTY_BODY = YES;
				CLANG_WARN_ENUM_CONVERSION = YES;
				CLANG_WARN_INFINITE_RECURSION = YES;
				CLANG_WARN_INT_CONVERSION = YES;
				CLANG_WARN_NON_LITERAL_NULL_CONVERSION = YES;
				CLANG_WARN_OBJC_LITERAL_CONVERSION = YES;
				CLANG_WARN_OBJC_ROOT_CLASS = YES_ERROR;
				CLANG_WARN_RANGE_LOOP_ANALYSIS = YES;
				CLANG_WARN_STRICT_PROTOTYPES = YES;
				CLANG_WARN_SUSPICIOUS_MOVE = YES;
				CLANG_WARN_UNGUARDED_AVAILABILITY = YES_AGGRESSIVE;
				CLANG_WARN_UNREACHABLE_CODE = YES;
				CLANG_WARN__DUPLICATE_METHOD_MATCH = YES;
				CODE_SIGN_IDENTITY = "iPhone Developer";
				COPY_PHASE_STRIP = NO;
				CURRENT_PROJECT_VERSION = 1;
				DEBUG_INFORMATION_FORMAT = "dwarf-with-dsym";
				ENABLE_NS_ASSERTIONS = NO;
				ENABLE_STRICT_OBJC_MSGSEND = YES;
				GCC_C_LANGUAGE_STANDARD = gnu11;
				GCC_NO_COMMON_BLOCKS = YES;
				GCC_WARN_64_TO_32_BIT_CONVERSION = YES;
				GCC_WARN_ABOUT_RETURN_TYPE = YES_ERROR;
				GCC_WARN_UNDECLARED_SELECTOR = YES;
				GCC_WARN_UNINITIALIZED_AUTOS = YES_AGGRESSIVE;
				GCC_WARN_UNUSED_FUNCTION = YES;
				GCC_WARN_UNUSED_VARIABLE = YES;
				IPHONEOS_DEPLOYMENT_TARGET = 11.2;
				MTL_ENABLE_DEBUG_INFO = NO;
				SDKROOT = iphoneos;
				SWIFT_OPTIMIZATION_LEVEL = "-Owholemodule";
				VALIDATE_PRODUCT = YES;
				VERSIONING_SYSTEM = "apple-generic";
				VERSION_INFO_PREFIX = "";
			};
			name = Release;
		};
		C6788CDC206913B10018019E /* Debug */ = {
			isa = XCBuildConfiguration;
			buildSettings = {
				CLANG_ENABLE_MODULES = YES;
				CODE_SIGN_IDENTITY = "";
				CODE_SIGN_STYLE = Automatic;
				DEFINES_MODULE = YES;
				DYLIB_COMPATIBILITY_VERSION = 1;
				DYLIB_CURRENT_VERSION = 1;
				DYLIB_INSTALL_NAME_BASE = "@rpath";
				INFOPLIST_FILE = StatusView/Info.plist;
				INSTALL_PATH = "$(LOCAL_LIBRARY_DIR)/Frameworks";
				LD_RUNPATH_SEARCH_PATHS = "$(inherited) @executable_path/Frameworks @loader_path/Frameworks";
				PRODUCT_BUNDLE_IDENTIFIER = BachKhoa.StatusView;
				PRODUCT_NAME = "$(TARGET_NAME:c99extidentifier)";
				SKIP_INSTALL = YES;
				SWIFT_OPTIMIZATION_LEVEL = "-Onone";
				SWIFT_VERSION = 4.0;
				TARGETED_DEVICE_FAMILY = "1,2";
			};
			name = Debug;
		};
		C6788CDD206913B10018019E /* Release */ = {
			isa = XCBuildConfiguration;
			buildSettings = {
				CLANG_ENABLE_MODULES = YES;
				CODE_SIGN_IDENTITY = "";
				CODE_SIGN_STYLE = Automatic;
				DEFINES_MODULE = YES;
				DYLIB_COMPATIBILITY_VERSION = 1;
				DYLIB_CURRENT_VERSION = 1;
				DYLIB_INSTALL_NAME_BASE = "@rpath";
				INFOPLIST_FILE = StatusView/Info.plist;
				INSTALL_PATH = "$(LOCAL_LIBRARY_DIR)/Frameworks";
				LD_RUNPATH_SEARCH_PATHS = "$(inherited) @executable_path/Frameworks @loader_path/Frameworks";
				PRODUCT_BUNDLE_IDENTIFIER = BachKhoa.StatusView;
				PRODUCT_NAME = "$(TARGET_NAME:c99extidentifier)";
				SKIP_INSTALL = YES;
				SWIFT_VERSION = 4.0;
				TARGETED_DEVICE_FAMILY = "1,2";
			};
			name = Release;
		};
		C6788CDF206913B10018019E /* Debug */ = {
			isa = XCBuildConfiguration;
			buildSettings = {
				ALWAYS_EMBED_SWIFT_STANDARD_LIBRARIES = YES;
				CODE_SIGN_STYLE = Automatic;
				INFOPLIST_FILE = StatusViewTests/Info.plist;
				LD_RUNPATH_SEARCH_PATHS = "$(inherited) @executable_path/Frameworks @loader_path/Frameworks";
				PRODUCT_BUNDLE_IDENTIFIER = BachKhoa.StatusViewTests;
				PRODUCT_NAME = "$(TARGET_NAME)";
				SWIFT_VERSION = 4.0;
				TARGETED_DEVICE_FAMILY = "1,2";
			};
			name = Debug;
		};
		C6788CE0206913B10018019E /* Release */ = {
			isa = XCBuildConfiguration;
			buildSettings = {
				ALWAYS_EMBED_SWIFT_STANDARD_LIBRARIES = YES;
				CODE_SIGN_STYLE = Automatic;
				INFOPLIST_FILE = StatusViewTests/Info.plist;
				LD_RUNPATH_SEARCH_PATHS = "$(inherited) @executable_path/Frameworks @loader_path/Frameworks";
				PRODUCT_BUNDLE_IDENTIFIER = BachKhoa.StatusViewTests;
				PRODUCT_NAME = "$(TARGET_NAME)";
				SWIFT_VERSION = 4.0;
				TARGETED_DEVICE_FAMILY = "1,2";
			};
			name = Release;
		};
/* End XCBuildConfiguration section */

/* Begin XCConfigurationList section */
		C6788CC1206913B00018019E /* Build configuration list for PBXProject "StatusView" */ = {
			isa = XCConfigurationList;
			buildConfigurations = (
				C6788CD9206913B10018019E /* Debug */,
				C6788CDA206913B10018019E /* Release */,
			);
			defaultConfigurationIsVisible = 0;
			defaultConfigurationName = Release;
		};
		C6788CDB206913B10018019E /* Build configuration list for PBXNativeTarget "StatusView" */ = {
			isa = XCConfigurationList;
			buildConfigurations = (
				C6788CDC206913B10018019E /* Debug */,
				C6788CDD206913B10018019E /* Release */,
			);
			defaultConfigurationIsVisible = 0;
			defaultConfigurationName = Release;
		};
		C6788CDE206913B10018019E /* Build configuration list for PBXNativeTarget "StatusViewTests" */ = {
			isa = XCConfigurationList;
			buildConfigurations = (
				C6788CDF206913B10018019E /* Debug */,
				C6788CE0206913B10018019E /* Release */,
			);
			defaultConfigurationIsVisible = 0;
			defaultConfigurationName = Release;
		};
/* End XCConfigurationList section */
	};
	rootObject = C6788CBE206913B00018019E /* Project object */;
}
